
Microsoft Visual Studio Solution File, Format Version 12.00
# Visual Studio 15
VisualStudioVersion = 15.0.27130.2026
MinimumVisualStudioVersion = 10.0.40219.1
Project("{9A19103F-16F7-4668-BE54-9A1E7A4F7556}") = "Hesabdar", "Hesabdar\Hesabdar.csproj", "{ED7B2740-CA68-4120-B35B-1FC407D0D662}"
EndProject
Project("{FAE04EC0-301F-11D3-BF4B-00C04F79EFBC}") = "HesabdarTest", "HesabdarTest\HesabdarTest.csproj", "{B0B874C0-EB89-4E2B-B65B-36BE750F8F07}"
	ProjectSection(ProjectDependencies) = postProject
		{ED7B2740-CA68-4120-B35B-1FC407D0D662} = {ED7B2740-CA68-4120-B35B-1FC407D0D662}
	EndProjectSection
EndProject
Global
	GlobalSection(SolutionConfigurationPlatforms) = preSolution
		Debug|Any CPU = Debug|Any CPU
		Release|Any CPU = Release|Any CPU
	EndGlobalSection
	GlobalSection(ProjectConfigurationPlatforms) = postSolution
		{ED7B2740-CA68-4120-B35B-1FC407D0D662}.Debug|Any CPU.ActiveCfg = Debug|Any CPU
		{ED7B2740-CA68-4120-B35B-1FC407D0D662}.Debug|Any CPU.Build.0 = Debug|Any CPU
		{ED7B2740-CA68-4120-B35B-1FC407D0D662}.Release|Any CPU.ActiveCfg = Release|Any CPU
		{ED7B2740-CA68-4120-B35B-1FC407D0D662}.Release|Any CPU.Build.0 = Release|Any CPU
		{B0B874C0-EB89-4E2B-B65B-36BE750F8F07}.Debug|Any CPU.ActiveCfg = Debug|Any CPU
		{B0B874C0-EB89-4E2B-B65B-36BE750F8F07}.Debug|Any CPU.Build.0 = Debug|Any CPU
		{B0B874C0-EB89-4E2B-B65B-36BE750F8F07}.Release|Any CPU.ActiveCfg = Release|Any CPU
		{B0B874C0-EB89-4E2B-B65B-36BE750F8F07}.Release|Any CPU.Build.0 = Release|Any CPU
	EndGlobalSection
	GlobalSection(SolutionProperties) = preSolution
		HideSolutionNode = FALSE
	EndGlobalSection
	GlobalSection(ExtensibilityGlobals) = postSolution
		SolutionGuid = {F13990E8-E2B3-42D3-82F2-22700E6A6576}
	EndGlobalSection
EndGlobal
